
Microsoft Visual Studio Solution File, Format Version 12.00
# Visual Studio Version 16
VisualStudioVersion = 16.0.30907.101
MinimumVisualStudioVersion = 10.0.40219.1
Project("{FAE04EC0-301F-11D3-BF4B-00C04F79EFBC}") = "Closures5", "Closures5\Closures5.csproj", "{24AFC907-76E1-42C9-A381-5228A0CC6A7E}"
EndProject
Global
	GlobalSection(SolutionConfigurationPlatforms) = preSolution
		Debug|Any CPU = Debug|Any CPU
		Release|Any CPU = Release|Any CPU
	EndGlobalSection
	GlobalSection(ProjectConfigurationPlatforms) = postSolution
		{24AFC907-76E1-42C9-A381-5228A0CC6A7E}.Debug|Any CPU.ActiveCfg = Debug|Any CPU
		{24AFC907-76E1-42C9-A381-5228A0CC6A7E}.Debug|Any CPU.Build.0 = Debug|Any CPU
		{24AFC907-76E1-42C9-A381-5228A0CC6A7E}.Release|Any CPU.ActiveCfg = Release|Any CPU
		{24AFC907-76E1-42C9-A381-5228A0CC6A7E}.Release|Any CPU.Build.0 = Release|Any CPU
	EndGlobalSection
	GlobalSection(SolutionProperties) = preSolution
		HideSolutionNode = FALSE
	EndGlobalSection
	GlobalSection(ExtensibilityGlobals) = postSolution
		SolutionGuid = {FF22379F-2339-49B8-9E19-63B6D900A73E}
	EndGlobalSection
EndGlobal
