
Microsoft Visual Studio Solution File, Format Version 12.00
# Visual Studio Version 16
VisualStudioVersion = 16.0.30907.101
MinimumVisualStudioVersion = 10.0.40219.1
Project("{FAE04EC0-301F-11D3-BF4B-00C04F79EFBC}") = "ExtensionMethodsIntro", "ExtensionMethodsIntro\ExtensionMethodsIntro.csproj", "{47442FCF-64F9-4D49-9056-0B5D934934B3}"
EndProject
Global
	GlobalSection(SolutionConfigurationPlatforms) = preSolution
		Debug|Any CPU = Debug|Any CPU
		Release|Any CPU = Release|Any CPU
	EndGlobalSection
	GlobalSection(ProjectConfigurationPlatforms) = postSolution
		{47442FCF-64F9-4D49-9056-0B5D934934B3}.Debug|Any CPU.ActiveCfg = Debug|Any CPU
		{47442FCF-64F9-4D49-9056-0B5D934934B3}.Debug|Any CPU.Build.0 = Debug|Any CPU
		{47442FCF-64F9-4D49-9056-0B5D934934B3}.Release|Any CPU.ActiveCfg = Release|Any CPU
		{47442FCF-64F9-4D49-9056-0B5D934934B3}.Release|Any CPU.Build.0 = Release|Any CPU
	EndGlobalSection
	GlobalSection(SolutionProperties) = preSolution
		HideSolutionNode = FALSE
	EndGlobalSection
	GlobalSection(ExtensibilityGlobals) = postSolution
		SolutionGuid = {95B5812D-2322-4290-8229-35328B9536CE}
	EndGlobalSection
EndGlobal
