
Microsoft Visual Studio Solution File, Format Version 12.00
# Visual Studio Version 16
VisualStudioVersion = 16.0.30907.101
MinimumVisualStudioVersion = 10.0.40219.1
Project("{FAE04EC0-301F-11D3-BF4B-00C04F79EFBC}") = "LINQIntro", "LINQIntro\LINQIntro.csproj", "{D947A3BD-8CE3-4ABF-8DC1-A6044601409F}"
EndProject
Global
	GlobalSection(SolutionConfigurationPlatforms) = preSolution
		Debug|Any CPU = Debug|Any CPU
		Release|Any CPU = Release|Any CPU
	EndGlobalSection
	GlobalSection(ProjectConfigurationPlatforms) = postSolution
		{D947A3BD-8CE3-4ABF-8DC1-A6044601409F}.Debug|Any CPU.ActiveCfg = Debug|Any CPU
		{D947A3BD-8CE3-4ABF-8DC1-A6044601409F}.Debug|Any CPU.Build.0 = Debug|Any CPU
		{D947A3BD-8CE3-4ABF-8DC1-A6044601409F}.Release|Any CPU.ActiveCfg = Release|Any CPU
		{D947A3BD-8CE3-4ABF-8DC1-A6044601409F}.Release|Any CPU.Build.0 = Release|Any CPU
	EndGlobalSection
	GlobalSection(SolutionProperties) = preSolution
		HideSolutionNode = FALSE
	EndGlobalSection
	GlobalSection(ExtensibilityGlobals) = postSolution
		SolutionGuid = {8D84F0F4-0327-46BB-B64B-31F8DB3EDF54}
	EndGlobalSection
EndGlobal
