
Microsoft Visual Studio Solution File, Format Version 12.00
# Visual Studio Version 16
VisualStudioVersion = 16.0.30907.101
MinimumVisualStudioVersion = 10.0.40219.1
Project("{FAE04EC0-301F-11D3-BF4B-00C04F79EFBC}") = "GenericsAndCodeBloat", "GenericsAndCodeBloat\GenericsAndCodeBloat.csproj", "{CC8829D8-819B-45DA-AC65-1B357A3CE76F}"
EndProject
Global
	GlobalSection(SolutionConfigurationPlatforms) = preSolution
		Debug|Any CPU = Debug|Any CPU
		Release|Any CPU = Release|Any CPU
	EndGlobalSection
	GlobalSection(ProjectConfigurationPlatforms) = postSolution
		{CC8829D8-819B-45DA-AC65-1B357A3CE76F}.Debug|Any CPU.ActiveCfg = Debug|Any CPU
		{CC8829D8-819B-45DA-AC65-1B357A3CE76F}.Debug|Any CPU.Build.0 = Debug|Any CPU
		{CC8829D8-819B-45DA-AC65-1B357A3CE76F}.Release|Any CPU.ActiveCfg = Release|Any CPU
		{CC8829D8-819B-45DA-AC65-1B357A3CE76F}.Release|Any CPU.Build.0 = Release|Any CPU
	EndGlobalSection
	GlobalSection(SolutionProperties) = preSolution
		HideSolutionNode = FALSE
	EndGlobalSection
	GlobalSection(ExtensibilityGlobals) = postSolution
		SolutionGuid = {DD980CDE-4032-4AEB-B1BD-A91C0217D475}
	EndGlobalSection
EndGlobal
