
Microsoft Visual Studio Solution File, Format Version 12.00
# Visual Studio Version 16
VisualStudioVersion = 16.0.30907.101
MinimumVisualStudioVersion = 10.0.40219.1
Project("{FAE04EC0-301F-11D3-BF4B-00C04F79EFBC}") = "EventHandlerPassingNoEventData", "EventHandlerPassingNoEventData\EventHandlerPassingNoEventData.csproj", "{A92555AA-5B99-4504-BE0A-787E359C8A33}"
EndProject
Global
	GlobalSection(SolutionConfigurationPlatforms) = preSolution
		Debug|Any CPU = Debug|Any CPU
		Release|Any CPU = Release|Any CPU
	EndGlobalSection
	GlobalSection(ProjectConfigurationPlatforms) = postSolution
		{A92555AA-5B99-4504-BE0A-787E359C8A33}.Debug|Any CPU.ActiveCfg = Debug|Any CPU
		{A92555AA-5B99-4504-BE0A-787E359C8A33}.Debug|Any CPU.Build.0 = Debug|Any CPU
		{A92555AA-5B99-4504-BE0A-787E359C8A33}.Release|Any CPU.ActiveCfg = Release|Any CPU
		{A92555AA-5B99-4504-BE0A-787E359C8A33}.Release|Any CPU.Build.0 = Release|Any CPU
	EndGlobalSection
	GlobalSection(SolutionProperties) = preSolution
		HideSolutionNode = FALSE
	EndGlobalSection
	GlobalSection(ExtensibilityGlobals) = postSolution
		SolutionGuid = {939A3838-5994-4AB0-9C99-B77723EDC02A}
	EndGlobalSection
EndGlobal
