
Microsoft Visual Studio Solution File, Format Version 12.00
# Visual Studio Version 16
VisualStudioVersion = 16.0.30907.101
MinimumVisualStudioVersion = 10.0.40219.1
Project("{FAE04EC0-301F-11D3-BF4B-00C04F79EFBC}") = "EventsSummary3", "EventsSummary3\EventsSummary3.csproj", "{984AEDBC-14A5-4A44-8902-F0036E0D527D}"
EndProject
Global
	GlobalSection(SolutionConfigurationPlatforms) = preSolution
		Debug|Any CPU = Debug|Any CPU
		Release|Any CPU = Release|Any CPU
	EndGlobalSection
	GlobalSection(ProjectConfigurationPlatforms) = postSolution
		{984AEDBC-14A5-4A44-8902-F0036E0D527D}.Debug|Any CPU.ActiveCfg = Debug|Any CPU
		{984AEDBC-14A5-4A44-8902-F0036E0D527D}.Debug|Any CPU.Build.0 = Debug|Any CPU
		{984AEDBC-14A5-4A44-8902-F0036E0D527D}.Release|Any CPU.ActiveCfg = Release|Any CPU
		{984AEDBC-14A5-4A44-8902-F0036E0D527D}.Release|Any CPU.Build.0 = Release|Any CPU
	EndGlobalSection
	GlobalSection(SolutionProperties) = preSolution
		HideSolutionNode = FALSE
	EndGlobalSection
	GlobalSection(ExtensibilityGlobals) = postSolution
		SolutionGuid = {C8A39ACC-C1DF-450F-8992-9C3CBCC1A4D6}
	EndGlobalSection
EndGlobal
