
Microsoft Visual Studio Solution File, Format Version 12.00
# Visual Studio Version 16
VisualStudioVersion = 16.0.30907.101
MinimumVisualStudioVersion = 10.0.40219.1
Project("{FAE04EC0-301F-11D3-BF4B-00C04F79EFBC}") = "EventsIntroWithComments", "EventsIntroWithComments\EventsIntroWithComments.csproj", "{BF3FB3E8-0565-4DBE-B853-509F2B96D913}"
EndProject
Global
	GlobalSection(SolutionConfigurationPlatforms) = preSolution
		Debug|Any CPU = Debug|Any CPU
		Release|Any CPU = Release|Any CPU
	EndGlobalSection
	GlobalSection(ProjectConfigurationPlatforms) = postSolution
		{BF3FB3E8-0565-4DBE-B853-509F2B96D913}.Debug|Any CPU.ActiveCfg = Debug|Any CPU
		{BF3FB3E8-0565-4DBE-B853-509F2B96D913}.Debug|Any CPU.Build.0 = Debug|Any CPU
		{BF3FB3E8-0565-4DBE-B853-509F2B96D913}.Release|Any CPU.ActiveCfg = Release|Any CPU
		{BF3FB3E8-0565-4DBE-B853-509F2B96D913}.Release|Any CPU.Build.0 = Release|Any CPU
	EndGlobalSection
	GlobalSection(SolutionProperties) = preSolution
		HideSolutionNode = FALSE
	EndGlobalSection
	GlobalSection(ExtensibilityGlobals) = postSolution
		SolutionGuid = {5C66D20D-C55E-4620-9BFE-CE4467126267}
	EndGlobalSection
EndGlobal
