
Microsoft Visual Studio Solution File, Format Version 12.00
# Visual Studio Version 16
VisualStudioVersion = 16.0.30907.101
MinimumVisualStudioVersion = 10.0.40219.1
Project("{FAE04EC0-301F-11D3-BF4B-00C04F79EFBC}") = "GenericTypeInference", "GenericTypeInference\GenericTypeInference.csproj", "{87528E4B-82EC-4E16-BD96-C0E32BC23496}"
EndProject
Global
	GlobalSection(SolutionConfigurationPlatforms) = preSolution
		Debug|Any CPU = Debug|Any CPU
		Release|Any CPU = Release|Any CPU
	EndGlobalSection
	GlobalSection(ProjectConfigurationPlatforms) = postSolution
		{87528E4B-82EC-4E16-BD96-C0E32BC23496}.Debug|Any CPU.ActiveCfg = Debug|Any CPU
		{87528E4B-82EC-4E16-BD96-C0E32BC23496}.Debug|Any CPU.Build.0 = Debug|Any CPU
		{87528E4B-82EC-4E16-BD96-C0E32BC23496}.Release|Any CPU.ActiveCfg = Release|Any CPU
		{87528E4B-82EC-4E16-BD96-C0E32BC23496}.Release|Any CPU.Build.0 = Release|Any CPU
	EndGlobalSection
	GlobalSection(SolutionProperties) = preSolution
		HideSolutionNode = FALSE
	EndGlobalSection
	GlobalSection(ExtensibilityGlobals) = postSolution
		SolutionGuid = {E445F715-ED33-4083-B2F2-DD8A81550A15}
	EndGlobalSection
EndGlobal
