
Microsoft Visual Studio Solution File, Format Version 12.00
# Visual Studio Version 16
VisualStudioVersion = 16.0.30907.101
MinimumVisualStudioVersion = 10.0.40219.1
Project("{FAE04EC0-301F-11D3-BF4B-00C04F79EFBC}") = "DelegateChainsAndExceptions", "DelegateChainsAndExceptions\DelegateChainsAndExceptions.csproj", "{4FA2111D-24D5-4F7D-BD7D-AB2DC542E0D0}"
EndProject
Global
	GlobalSection(SolutionConfigurationPlatforms) = preSolution
		Debug|Any CPU = Debug|Any CPU
		Release|Any CPU = Release|Any CPU
	EndGlobalSection
	GlobalSection(ProjectConfigurationPlatforms) = postSolution
		{4FA2111D-24D5-4F7D-BD7D-AB2DC542E0D0}.Debug|Any CPU.ActiveCfg = Debug|Any CPU
		{4FA2111D-24D5-4F7D-BD7D-AB2DC542E0D0}.Debug|Any CPU.Build.0 = Debug|Any CPU
		{4FA2111D-24D5-4F7D-BD7D-AB2DC542E0D0}.Release|Any CPU.ActiveCfg = Release|Any CPU
		{4FA2111D-24D5-4F7D-BD7D-AB2DC542E0D0}.Release|Any CPU.Build.0 = Release|Any CPU
	EndGlobalSection
	GlobalSection(SolutionProperties) = preSolution
		HideSolutionNode = FALSE
	EndGlobalSection
	GlobalSection(ExtensibilityGlobals) = postSolution
		SolutionGuid = {D68FC70F-433E-4D5A-89A4-56352D61412C}
	EndGlobalSection
EndGlobal
