
Microsoft Visual Studio Solution File, Format Version 12.00
# Visual Studio Version 16
VisualStudioVersion = 16.0.30907.101
MinimumVisualStudioVersion = 10.0.40219.1
Project("{FAE04EC0-301F-11D3-BF4B-00C04F79EFBC}") = "Closures4", "Closures4\Closures4.csproj", "{A0437842-6E1F-4445-8F31-596F6DCBC117}"
EndProject
Global
	GlobalSection(SolutionConfigurationPlatforms) = preSolution
		Debug|Any CPU = Debug|Any CPU
		Release|Any CPU = Release|Any CPU
	EndGlobalSection
	GlobalSection(ProjectConfigurationPlatforms) = postSolution
		{A0437842-6E1F-4445-8F31-596F6DCBC117}.Debug|Any CPU.ActiveCfg = Debug|Any CPU
		{A0437842-6E1F-4445-8F31-596F6DCBC117}.Debug|Any CPU.Build.0 = Debug|Any CPU
		{A0437842-6E1F-4445-8F31-596F6DCBC117}.Release|Any CPU.ActiveCfg = Release|Any CPU
		{A0437842-6E1F-4445-8F31-596F6DCBC117}.Release|Any CPU.Build.0 = Release|Any CPU
	EndGlobalSection
	GlobalSection(SolutionProperties) = preSolution
		HideSolutionNode = FALSE
	EndGlobalSection
	GlobalSection(ExtensibilityGlobals) = postSolution
		SolutionGuid = {FCAE24C5-D4B4-4007-9FBB-E25A55997419}
	EndGlobalSection
EndGlobal
